
Microsoft Visual Studio Solution File, Format Version 12.00
# Visual Studio Version 17
VisualStudioVersion = 17.2.32630.192
MinimumVisualStudioVersion = 10.0.40219.1
Project("{9A19103F-16F7-4668-BE54-9A1E7A4F7556}") = "surveillance_system", "surveillance_system.csproj", "{3BC65519-17B4-4826-91B8-B5E3E86D73A4}"
EndProject
Global
	GlobalSection(SolutionConfigurationPlatforms) = preSolution
		Debug|Any CPU = Debug|Any CPU
		Release|Any CPU = Release|Any CPU
	EndGlobalSection
	GlobalSection(ProjectConfigurationPlatforms) = postSolution
		{3BC65519-17B4-4826-91B8-B5E3E86D73A4}.Debug|Any CPU.ActiveCfg = Debug|Any CPU
		{3BC65519-17B4-4826-91B8-B5E3E86D73A4}.Debug|Any CPU.Build.0 = Debug|Any CPU
		{3BC65519-17B4-4826-91B8-B5E3E86D73A4}.Release|Any CPU.ActiveCfg = Release|Any CPU
		{3BC65519-17B4-4826-91B8-B5E3E86D73A4}.Release|Any CPU.Build.0 = Release|Any CPU
	EndGlobalSection
	GlobalSection(SolutionProperties) = preSolution
		HideSolutionNode = FALSE
	EndGlobalSection
	GlobalSection(ExtensibilityGlobals) = postSolution
		SolutionGuid = {721EE557-BFF3-40E2-9C18-DFEFE3790A3B}
	EndGlobalSection
EndGlobal
